
Microsoft Visual Studio Solution File, Format Version 12.00
# Visual Studio 15
VisualStudioVersion = 15.0.28307.168
MinimumVisualStudioVersion = 10.0.40219.1
Project("{FAE04EC0-301F-11D3-BF4B-00C04F79EFBC}") = "cleartype.cs", "cleartype.cs\cleartype.cs.csproj", "{D900926B-1357-454D-A5C6-40BCF7AC8B84}"
EndProject
Global
	GlobalSection(SolutionConfigurationPlatforms) = preSolution
		Debug|Any CPU = Debug|Any CPU
		Debug|x86 = Debug|x86
		Release|Any CPU = Release|Any CPU
		Release|x86 = Release|x86
	EndGlobalSection
	GlobalSection(ProjectConfigurationPlatforms) = postSolution
		{D900926B-1357-454D-A5C6-40BCF7AC8B84}.Debug|Any CPU.ActiveCfg = Debug|Any CPU
		{D900926B-1357-454D-A5C6-40BCF7AC8B84}.Debug|Any CPU.Build.0 = Debug|Any CPU
		{D900926B-1357-454D-A5C6-40BCF7AC8B84}.Debug|x86.ActiveCfg = Debug|x86
		{D900926B-1357-454D-A5C6-40BCF7AC8B84}.Debug|x86.Build.0 = Debug|x86
		{D900926B-1357-454D-A5C6-40BCF7AC8B84}.Release|Any CPU.ActiveCfg = Release|Any CPU
		{D900926B-1357-454D-A5C6-40BCF7AC8B84}.Release|Any CPU.Build.0 = Release|Any CPU
		{D900926B-1357-454D-A5C6-40BCF7AC8B84}.Release|x86.ActiveCfg = Release|x86
		{D900926B-1357-454D-A5C6-40BCF7AC8B84}.Release|x86.Build.0 = Release|x86
	EndGlobalSection
	GlobalSection(SolutionProperties) = preSolution
		HideSolutionNode = FALSE
	EndGlobalSection
	GlobalSection(ExtensibilityGlobals) = postSolution
		SolutionGuid = {4EE3BEAF-3D1A-487B-94E3-E67F88B7325B}
	EndGlobalSection
EndGlobal
